
Microsoft Visual Studio Solution File, Format Version 12.00
# Visual Studio Version 17
VisualStudioVersion = 17.0.31903.59
MinimumVisualStudioVersion = 10.0.40219.1
Project("{FAE04EC0-301F-11D3-BF4B-00C04F79EFBC}") = "Denomica.JsonLd", "Denomica.JsonLd\Denomica.JsonLd.csproj", "{C8D4B80F-9F4E-4186-B6C5-9C1E953C8743}"
EndProject
Project("{FAE04EC0-301F-11D3-BF4B-00C04F79EFBC}") = "Denomica.JsonLd.Tests", "Denomica.JsonLd.Tests\Denomica.JsonLd.Tests.csproj", "{28052CF1-EB4F-49B8-A834-8D1BF1A5B74C}"
EndProject
Global
	GlobalSection(SolutionConfigurationPlatforms) = preSolution
		Debug|Any CPU = Debug|Any CPU
		Release|Any CPU = Release|Any CPU
	EndGlobalSection
	GlobalSection(ProjectConfigurationPlatforms) = postSolution
		{C8D4B80F-9F4E-4186-B6C5-9C1E953C8743}.Debug|Any CPU.ActiveCfg = Debug|Any CPU
		{C8D4B80F-9F4E-4186-B6C5-9C1E953C8743}.Debug|Any CPU.Build.0 = Debug|Any CPU
		{C8D4B80F-9F4E-4186-B6C5-9C1E953C8743}.Release|Any CPU.ActiveCfg = Release|Any CPU
		{C8D4B80F-9F4E-4186-B6C5-9C1E953C8743}.Release|Any CPU.Build.0 = Release|Any CPU
		{28052CF1-EB4F-49B8-A834-8D1BF1A5B74C}.Debug|Any CPU.ActiveCfg = Debug|Any CPU
		{28052CF1-EB4F-49B8-A834-8D1BF1A5B74C}.Debug|Any CPU.Build.0 = Debug|Any CPU
		{28052CF1-EB4F-49B8-A834-8D1BF1A5B74C}.Release|Any CPU.ActiveCfg = Release|Any CPU
		{28052CF1-EB4F-49B8-A834-8D1BF1A5B74C}.Release|Any CPU.Build.0 = Release|Any CPU
	EndGlobalSection
	GlobalSection(SolutionProperties) = preSolution
		HideSolutionNode = FALSE
	EndGlobalSection
	GlobalSection(ExtensibilityGlobals) = postSolution
		SolutionGuid = {0F80435D-262F-41AD-918B-CB392C7EAFEA}
	EndGlobalSection
EndGlobal
